// !$*UTF8*$!
{
	archiveVersion = 1;
	classes = {
	};
	objectVersion = 56;
	objects = {

/* Begin PBXBuildFile section */
		340D91922C3C82FC00781762 /* FriendsTableViewController.swift in Sources */ = {isa = PBXBuildFile; fileRef = 340D91912C3C82FC00781762 /* FriendsTableViewController.swift */; };
		347B4C692C3B5E4F00CC649C /* CarsTableViewController.swift in Sources */ = {isa = PBXBuildFile; fileRef = 347B4C682C3B5E4F00CC649C /* CarsTableViewController.swift */; };
		34A48C712C336889001BD5F2 /* AppDelegate.swift in Sources */ = {isa = PBXBuildFile; fileRef = 34A48C702C336889001BD5F2 /* AppDelegate.swift */; };
		34A48C732C336889001BD5F2 /* SceneDelegate.swift in Sources */ = {isa = PBXBuildFile; fileRef = 34A48C722C336889001BD5F2 /* SceneDelegate.swift */; };
		34A48C782C336889001BD5F2 /* Main.storyboard in Resources */ = {isa = PBXBuildFile; fileRef = 34A48C762C336889001BD5F2 /* Main.storyboard */; };
		34A48C7A2C336889001BD5F2 /* Assets.xcassets in Resources */ = {isa = PBXBuildFile; fileRef = 34A48C792C336889001BD5F2 /* Assets.xcassets */; };
		34A48C7D2C336889001BD5F2 /* LaunchScreen.storyboard in Resources */ = {isa = PBXBuildFile; fileRef = 34A48C7B2C336889001BD5F2 /* LaunchScreen.storyboard */; };
		34CA20B02C3C5BA800495A9C /* FriendsTableViewCell.swift in Sources */ = {isa = PBXBuildFile; fileRef = 34CA20AF2C3C5BA800495A9C /* FriendsTableViewCell.swift */; };
		34D3FEDE2C3B6C5C00B2B4A2 /* ToDoViewController.swift in Sources */ = {isa = PBXBuildFile; fileRef = 34D3FEDD2C3B6C5C00B2B4A2 /* ToDoViewController.swift */; };
		34D3FEE02C3B70F200B2B4A2 /* AddFriendsViewController.swift in Sources */ = {isa = PBXBuildFile; fileRef = 34D3FEDF2C3B70F200B2B4A2 /* AddFriendsViewController.swift */; };
/* End PBXBuildFile section */

/* Begin PBXFileReference section */
		340D91912C3C82FC00781762 /* FriendsTableViewController.swift */ = {isa = PBXFileReference; lastKnownFileType = sourcecode.swift; path = FriendsTableViewController.swift; sourceTree = "<group>"; };
		347B4C682C3B5E4F00CC649C /* CarsTableViewController.swift */ = {isa = PBXFileReference; lastKnownFileType = sourcecode.swift; path = CarsTableViewController.swift; sourceTree = "<group>"; };
		34A48C6D2C336889001BD5F2 /* Lab-6.app */ = {isa = PBXFileReference; explicitFileType = wrapper.application; includeInIndex = 0; path = "Lab-6.app"; sourceTree = BUILT_PRODUCTS_DIR; };
		34A48C702C336889001BD5F2 /* AppDelegate.swift */ = {isa = PBXFileReference; lastKnownFileType = sourcecode.swift; path = AppDelegate.swift; sourceTree = "<group>"; };
		34A48C722C336889001BD5F2 /* SceneDelegate.swift */ = {isa = PBXFileReference; lastKnownFileType = sourcecode.swift; path = SceneDelegate.swift; sourceTree = "<group>"; };
		34A48C772C336889001BD5F2 /* Base */ = {isa = PBXFileReference; lastKnownFileType = file.storyboard; name = Base; path = Base.lproj/Main.storyboard; sourceTree = "<group>"; };
		34A48C792C336889001BD5F2 /* Assets.xcassets */ = {isa = PBXFileReference; lastKnownFileType = folder.assetcatalog; path = Assets.xcassets; sourceTree = "<group>"; };
		34A48C7C2C336889001BD5F2 /* Base */ = {isa = PBXFileReference; lastKnownFileType = file.storyboard; name = Base; path = Base.lproj/LaunchScreen.storyboard; sourceTree = "<group>"; };
		34A48C7E2C336889001BD5F2 /* Info.plist */ = {isa = PBXFileReference; lastKnownFileType = text.plist.xml; path = Info.plist; sourceTree = "<group>"; };
		34CA20AF2C3C5BA800495A9C /* FriendsTableViewCell.swift */ = {isa = PBXFileReference; lastKnownFileType = sourcecode.swift; path = FriendsTableViewCell.swift; sourceTree = "<group>"; };
		34D3FEDD2C3B6C5C00B2B4A2 /* ToDoViewController.swift */ = {isa = PBXFileReference; lastKnownFileType = sourcecode.swift; path = ToDoViewController.swift; sourceTree = "<group>"; };
		34D3FEDF2C3B70F200B2B4A2 /* AddFriendsViewController.swift */ = {isa = PBXFileReference; lastKnownFileType = sourcecode.swift; path = AddFriendsViewController.swift; sourceTree = "<group>"; };
/* End PBXFileReference section */

/* Begin PBXFrameworksBuildPhase section */
		34A48C6A2C336889001BD5F2 /* Frameworks */ = {
			isa = PBXFrameworksBuildPhase;
			buildActionMask = 2147483647;
			files = (
			);
			runOnlyForDeploymentPostprocessing = 0;
		};
/* End PBXFrameworksBuildPhase section */

/* Begin PBXGroup section */
		34A48C642C336889001BD5F2 = {
			isa = PBXGroup;
			children = (
				34A48C6F2C336889001BD5F2 /* Lab-6 */,
				34A48C6E2C336889001BD5F2 /* Products */,
			);
			sourceTree = "<group>";
		};
		34A48C6E2C336889001BD5F2 /* Products */ = {
			isa = PBXGroup;
			children = (
				34A48C6D2C336889001BD5F2 /* Lab-6.app */,
			);
			name = Products;
			sourceTree = "<group>";
		};
		34A48C6F2C336889001BD5F2 /* Lab-6 */ = {
			isa = PBXGroup;
			children = (
				34A48C702C336889001BD5F2 /* AppDelegate.swift */,
				34A48C722C336889001BD5F2 /* SceneDelegate.swift */,
				34A48C762C336889001BD5F2 /* Main.storyboard */,
				34A48C792C336889001BD5F2 /* Assets.xcassets */,
				34A48C7B2C336889001BD5F2 /* LaunchScreen.storyboard */,
				34A48C7E2C336889001BD5F2 /* Info.plist */,
				347B4C682C3B5E4F00CC649C /* CarsTableViewController.swift */,
				34D3FEDD2C3B6C5C00B2B4A2 /* ToDoViewController.swift */,
				34CA20AF2C3C5BA800495A9C /* FriendsTableViewCell.swift */,
				34D3FEDF2C3B70F200B2B4A2 /* AddFriendsViewController.swift */,
				340D91912C3C82FC00781762 /* FriendsTableViewController.swift */,
			);
			path = "Lab-6";
			sourceTree = "<group>";
		};
/* End PBXGroup section */

/* Begin PBXNativeTarget section */
		34A48C6C2C336889001BD5F2 /* Lab-6 */ = {
			isa = PBXNativeTarget;
			buildConfigurationList = 34A48C812C336889001BD5F2 /* Build configuration list for PBXNativeTarget "Lab-6" */;
			buildPhases = (
				34A48C692C336889001BD5F2 /* Sources */,
				34A48C6A2C336889001BD5F2 /* Frameworks */,
				34A48C6B2C336889001BD5F2 /* Resources */,
			);
			buildRules = (
			);
			dependencies = (
			);
			name = "Lab-6";
			productName = "Lab-6";
			productReference = 34A48C6D2C336889001BD5F2 /* Lab-6.app */;
			productType = "com.apple.product-type.application";
		};
/* End PBXNativeTarget section */

/* Begin PBXProject section */
		34A48C652C336889001BD5F2 /* Project object */ = {
			isa = PBXProject;
			attributes = {
				BuildIndependentTargetsInParallel = 1;
				LastSwiftUpdateCheck = 1420;
				LastUpgradeCheck = 1420;
				TargetAttributes = {
					34A48C6C2C336889001BD5F2 = {
						CreatedOnToolsVersion = 14.2;
					};
				};
			};
			buildConfigurationList = 34A48C682C336889001BD5F2 /* Build configuration list for PBXProject "Lab-6" */;
			compatibilityVersion = "Xcode 14.0";
			developmentRegion = en;
			hasScannedForEncodings = 0;
			knownRegions = (
				en,
				Base,
			);
			mainGroup = 34A48C642C336889001BD5F2;
			productRefGroup = 34A48C6E2C336889001BD5F2 /* Products */;
			projectDirPath = "";
			projectRoot = "";
			targets = (
				34A48C6C2C336889001BD5F2 /* Lab-6 */,
			);
		};
/* End PBXProject section */

/* Begin PBXResourcesBuildPhase section */
		34A48C6B2C336889001BD5F2 /* Resources */ = {
			isa = PBXResourcesBuildPhase;
			buildActionMask = 2147483647;
			files = (
				34A48C7D2C336889001BD5F2 /* LaunchScreen.storyboard in Resources */,
				34A48C7A2C336889001BD5F2 /* Assets.xcassets in Resources */,
				34A48C782C336889001BD5F2 /* Main.storyboard in Resources */,
			);
			runOnlyForDeploymentPostprocessing = 0;
		};
/* End PBXResourcesBuildPhase section */

/* Begin PBXSourcesBuildPhase section */
		34A48C692C336889001BD5F2 /* Sources */ = {
			isa = PBXSourcesBuildPhase;
			buildActionMask = 2147483647;
			files = (
				34D3FEDE2C3B6C5C00B2B4A2 /* ToDoViewController.swift in Sources */,
				34D3FEE02C3B70F200B2B4A2 /* AddFriendsViewController.swift in Sources */,
				34CA20B02C3C5BA800495A9C /* FriendsTableViewCell.swift in Sources */,
				347B4C692C3B5E4F00CC649C /* CarsTableViewController.swift in Sources */,
				34A48C712C336889001BD5F2 /* AppDelegate.swift in Sources */,
				340D91922C3C82FC00781762 /* FriendsTableViewController.swift in Sources */,
				34A48C732C336889001BD5F2 /* SceneDelegate.swift in Sources */,
			);
			runOnlyForDeploymentPostprocessing = 0;
		};
/* End PBXSourcesBuildPhase section */

/* Begin PBXVariantGroup section */
		34A48C762C336889001BD5F2 /* Main.storyboard */ = {
			isa = PBXVariantGroup;
			children = (
				34A48C772C336889001BD5F2 /* Base */,
			);
			name = Main.storyboard;
			sourceTree = "<group>";
		};
		34A48C7B2C336889001BD5F2 /* LaunchScreen.storyboard */ = {
			isa = PBXVariantGroup;
			children = (
				34A48C7C2C336889001BD5F2 /* Base */,
			);
			name = LaunchScreen.storyboard;
			sourceTree = "<group>";
		};
/* End PBXVariantGroup section */

/* Begin XCBuildConfiguration section */
		34A48C7F2C336889001BD5F2 /* Debug */ = {
			isa = XCBuildConfiguration;
			buildSettings = {
				ALWAYS_SEARCH_USER_PATHS = NO;
				CLANG_ANALYZER_NONNULL = YES;
				CLANG_ANALYZER_NUMBER_OBJECT_CONVERSION = YES_AGGRESSIVE;
				CLANG_CXX_LANGUAGE_STANDARD = "gnu++20";
				CLANG_ENABLE_MODULES = YES;
				CLANG_ENABLE_OBJC_ARC = YES;
				CLANG_ENABLE_OBJC_WEAK = YES;
				CLANG_WARN_BLOCK_CAPTURE_AUTORELEASING = YES;
				CLANG_WARN_BOOL_CONVERSION = YES;
				CLANG_WARN_COMMA = YES;
				CLANG_WARN_CONSTANT_CONVERSION = YES;
				CLANG_WARN_DEPRECATED_OBJC_IMPLEMENTATIONS = YES;
				CLANG_WARN_DIRECT_OBJC_ISA_USAGE = YES_ERROR;
				CLANG_WARN_DOCUMENTATION_COMMENTS = YES;
				CLANG_WARN_EMPTY_BODY = YES;
				CLANG_WARN_ENUM_CONVERSION = YES;
				CLANG_WARN_INFINITE_RECURSION = YES;
				CLANG_WARN_INT_CONVERSION = YES;
				CLANG_WARN_NON_LITERAL_NULL_CONVERSION = YES;
				CLANG_WARN_OBJC_IMPLICIT_RETAIN_SELF = YES;
				CLANG_WARN_OBJC_LITERAL_CONVERSION = YES;
				CLANG_WARN_OBJC_ROOT_CLASS = YES_ERROR;
				CLANG_WARN_QUOTED_INCLUDE_IN_FRAMEWORK_HEADER = YES;
				CLANG_WARN_RANGE_LOOP_ANALYSIS = YES;
				CLANG_WARN_STRICT_PROTOTYPES = YES;
				CLANG_WARN_SUSPICIOUS_MOVE = YES;
				CLANG_WARN_UNGUARDED_AVAILABILITY = YES_AGGRESSIVE;
				CLANG_WARN_UNREACHABLE_CODE = YES;
				CLANG_WARN__DUPLICATE_METHOD_MATCH = YES;
				COPY_PHASE_STRIP = NO;
				DEBUG_INFORMATION_FORMAT = dwarf;
				ENABLE_STRICT_OBJC_MSGSEND = YES;
				ENABLE_TESTABILITY = YES;
				GCC_C_LANGUAGE_STANDARD = gnu11;
				GCC_DYNAMIC_NO_PIC = NO;
				GCC_NO_COMMON_BLOCKS = YES;
				GCC_OPTIMIZATION_LEVEL = 0;
				GCC_PREPROCESSOR_DEFINITIONS = (
					"DEBUG=1",
					"$(inherited)",
				);
				GCC_WARN_64_TO_32_BIT_CONVERSION = YES;
				GCC_WARN_ABOUT_RETURN_TYPE = YES_ERROR;
				GCC_WARN_UNDECLARED_SELECTOR = YES;
				GCC_WARN_UNINITIALIZED_AUTOS = YES_AGGRESSIVE;
				GCC_WARN_UNUSED_FUNCTION = YES;
				GCC_WARN_UNUSED_VARIABLE = YES;
				IPHONEOS_DEPLOYMENT_TARGET = 16.2;
				MTL_ENABLE_DEBUG_INFO = INCLUDE_SOURCE;
				MTL_FAST_MATH = YES;
				ONLY_ACTIVE_ARCH = YES;
				SDKROOT = iphoneos;
				SWIFT_ACTIVE_COMPILATION_CONDITIONS = DEBUG;
				SWIFT_OPTIMIZATION_LEVEL = "-Onone";
			};
			name = Debug;
		};
		34A48C802C336889001BD5F2 /* Release */ = {
			isa = XCBuildConfiguration;
			buildSettings = {
				ALWAYS_SEARCH_USER_PATHS = NO;
				CLANG_ANALYZER_NONNULL = YES;
				CLANG_ANALYZER_NUMBER_OBJECT_CONVERSION = YES_AGGRESSIVE;
				CLANG_CXX_LANGUAGE_STANDARD = "gnu++20";
				CLANG_ENABLE_MODULES = YES;
				CLANG_ENABLE_OBJC_ARC = YES;
				CLANG_ENABLE_OBJC_WEAK = YES;
				CLANG_WARN_BLOCK_CAPTURE_AUTORELEASING = YES;
				CLANG_WARN_BOOL_CONVERSION = YES;
				CLANG_WARN_COMMA = YES;
				CLANG_WARN_CONSTANT_CONVERSION = YES;
				CLANG_WARN_DEPRECATED_OBJC_IMPLEMENTATIONS = YES;
				CLANG_WARN_DIRECT_OBJC_ISA_USAGE = YES_ERROR;
				CLANG_WARN_DOCUMENTATION_COMMENTS = YES;
				CLANG_WARN_EMPTY_BODY = YES;
				CLANG_WARN_ENUM_CONVERSION = YES;
				CLANG_WARN_INFINITE_RECURSION = YES;
				CLANG_WARN_INT_CONVERSION = YES;
				CLANG_WARN_NON_LITERAL_NULL_CONVERSION = YES;
				CLANG_WARN_OBJC_IMPLICIT_RETAIN_SELF = YES;
				CLANG_WARN_OBJC_LITERAL_CONVERSION = YES;
				CLANG_WARN_OBJC_ROOT_CLASS = YES_ERROR;
				CLANG_WARN_QUOTED_INCLUDE_IN_FRAMEWORK_HEADER = YES;
				CLANG_WARN_RANGE_LOOP_ANALYSIS = YES;
				CLANG_WARN_STRICT_PROTOTYPES = YES;
				CLANG_WARN_SUSPICIOUS_MOVE = YES;
				CLANG_WARN_UNGUARDED_AVAILABILITY = YES_AGGRESSIVE;
				CLANG_WARN_UNREACHABLE_CODE = YES;
				CLANG_WARN__DUPLICATE_METHOD_MATCH = YES;
				COPY_PHASE_STRIP = NO;
				DEBUG_INFORMATION_FORMAT = "dwarf-with-dsym";
				ENABLE_NS_ASSERTIONS = NO;
				ENABLE_STRICT_OBJC_MSGSEND = YES;
				GCC_C_LANGUAGE_STANDARD = gnu11;
				GCC_NO_COMMON_BLOCKS = YES;
				GCC_WARN_64_TO_32_BIT_CONVERSION = YES;
				GCC_WARN_ABOUT_RETURN_TYPE = YES_ERROR;
				GCC_WARN_UNDECLARED_SELECTOR = YES;
				GCC_WARN_UNINITIALIZED_AUTOS = YES_AGGRESSIVE;
				GCC_WARN_UNUSED_FUNCTION = YES;
				GCC_WARN_UNUSED_VARIABLE = YES;
				IPHONEOS_DEPLOYMENT_TARGET = 16.2;
				MTL_ENABLE_DEBUG_INFO = NO;
				MTL_FAST_MATH = YES;
				SDKROOT = iphoneos;
				SWIFT_COMPILATION_MODE = wholemodule;
				SWIFT_OPTIMIZATION_LEVEL = "-O";
				VALIDATE_PRODUCT = YES;
			};
			name = Release;
		};
		34A48C822C336889001BD5F2 /* Debug */ = {
			isa = XCBuildConfiguration;
			buildSettings = {
				ASSETCATALOG_COMPILER_APPICON_NAME = AppIcon;
				ASSETCATALOG_COMPILER_GLOBAL_ACCENT_COLOR_NAME = AccentColor;
				CODE_SIGN_STYLE = Automatic;
				CURRENT_PROJECT_VERSION = 1;
				GENERATE_INFOPLIST_FILE = YES;
				INFOPLIST_FILE = "Lab-6/Info.plist";
				INFOPLIST_KEY_UIApplicationSupportsIndirectInputEvents = YES;
				INFOPLIST_KEY_UILaunchStoryboardName = LaunchScreen;
				INFOPLIST_KEY_UIMainStoryboardFile = Main;
				INFOPLIST_KEY_UISupportedInterfaceOrientations_iPad = "UIInterfaceOrientationPortrait UIInterfaceOrientationPortraitUpsideDown UIInterfaceOrientationLandscapeLeft UIInterfaceOrientationLandscapeRight";
				INFOPLIST_KEY_UISupportedInterfaceOrientations_iPhone = "UIInterfaceOrientationPortrait UIInterfaceOrientationLandscapeLeft UIInterfaceOrientationLandscapeRight";
				LD_RUNPATH_SEARCH_PATHS = (
					"$(inherited)",
					"@executable_path/Frameworks",
				);
				MARKETING_VERSION = 1.0;
				PRODUCT_BUNDLE_IDENTIFIER = "deep.Lab-6";
				PRODUCT_NAME = "$(TARGET_NAME)";
				SWIFT_EMIT_LOC_STRINGS = YES;
				SWIFT_VERSION = 5.0;
				TARGETED_DEVICE_FAMILY = "1,2";
			};
			name = Debug;
		};
		34A48C832C336889001BD5F2 /* Release */ = {
			isa = XCBuildConfiguration;
			buildSettings = {
				ASSETCATALOG_COMPILER_APPICON_NAME = AppIcon;
				ASSETCATALOG_COMPILER_GLOBAL_ACCENT_COLOR_NAME = AccentColor;
				CODE_SIGN_STYLE = Automatic;
				CURRENT_PROJECT_VERSION = 1;
				GENERATE_INFOPLIST_FILE = YES;
				INFOPLIST_FILE = "Lab-6/Info.plist";
				INFOPLIST_KEY_UIApplicationSupportsIndirectInputEvents = YES;
				INFOPLIST_KEY_UILaunchStoryboardName = LaunchScreen;
				INFOPLIST_KEY_UIMainStoryboardFile = Main;
				INFOPLIST_KEY_UISupportedInterfaceOrientations_iPad = "UIInterfaceOrientationPortrait UIInterfaceOrientationPortraitUpsideDown UIInterfaceOrientationLandscapeLeft UIInterfaceOrientationLandscapeRight";
				INFOPLIST_KEY_UISupportedInterfaceOrientations_iPhone = "UIInterfaceOrientationPortrait UIInterfaceOrientationLandscapeLeft UIInterfaceOrientationLandscapeRight";
				LD_RUNPATH_SEARCH_PATHS = (
					"$(inherited)",
					"@executable_path/Frameworks",
				);
				MARKETING_VERSION = 1.0;
				PRODUCT_BUNDLE_IDENTIFIER = "deep.Lab-6";
				PRODUCT_NAME = "$(TARGET_NAME)";
				SWIFT_EMIT_LOC_STRINGS = YES;
				SWIFT_VERSION = 5.0;
				TARGETED_DEVICE_FAMILY = "1,2";
			};
			name = Release;
		};
/* End XCBuildConfiguration section */

/* Begin XCConfigurationList section */
		34A48C682C336889001BD5F2 /* Build configuration list for PBXProject "Lab-6" */ = {
			isa = XCConfigurationList;
			buildConfigurations = (
				34A48C7F2C336889001BD5F2 /* Debug */,
				34A48C802C336889001BD5F2 /* Release */,
			);
			defaultConfigurationIsVisible = 0;
			defaultConfigurationName = Release;
		};
		34A48C812C336889001BD5F2 /* Build configuration list for PBXNativeTarget "Lab-6" */ = {
			isa = XCConfigurationList;
			buildConfigurations = (
				34A48C822C336889001BD5F2 /* Debug */,
				34A48C832C336889001BD5F2 /* Release */,
			);
			defaultConfigurationIsVisible = 0;
			defaultConfigurationName = Release;
		};
/* End XCConfigurationList section */
	};
	rootObject = 34A48C652C336889001BD5F2 /* Project object */;
}
